{
  "version": 4,
  "terraform_version": "1.7.5",
  "serial": 69,
  "lineage": "b58752cc-a73f-db7f-d560-51c700dc5517",
  "outputs": {
    "Senha_Linux": {
      "value": "laispamela19@",
      "type": "string",
      "sensitive": true
    },
    "Senha_Windows": {
      "value": "laispamela19@",
      "type": "string",
      "sensitive": true
    },
    "Usuario_Linux": {
      "value": "adminuser",
      "type": "string"
    },
    "Usuario_Windows": {
      "value": "adminuser",
      "type": "string"
    },
    "public_ip_address_Linux": {
      "value": "",
      "type": "string"
    },
    "public_ip_address_Windows": {
      "value": "",
      "type": "string"
    }
  },
  "resources": [
    {
      "mode": "managed",
      "type": "azurerm_lb",
      "name": "loadb",
      "provider": "provider[\"registry.terraform.io/hashicorp/azurerm\"]",
      "instances": [
        {
          "schema_version": 0,
          "attributes": {
            "edge_zone": "",
            "frontend_ip_configuration": [
              {
                "gateway_load_balancer_frontend_ip_configuration_id": "",
                "id": "/subscriptions/e0203d30-686d-4aed-a9d4-96a88197eb21/resourceGroups/LaisPamela/providers/Microsoft.Network/loadBalancers/load-balancer/frontendIPConfigurations/PublicIPAddress",
                "inbound_nat_rules": [],
                "load_balancer_rules": [],
                "name": "PublicIPAddress",
                "outbound_rules": [],
                "private_ip_address": "",
                "private_ip_address_allocation": "Dynamic",
                "private_ip_address_version": "",
                "public_ip_address_id": "/subscriptions/e0203d30-686d-4aed-a9d4-96a88197eb21/resourceGroups/LaisPamela/providers/Microsoft.Network/publicIPAddresses/public-ip-lb",
                "public_ip_prefix_id": "",
                "subnet_id": "",
                "zones": null
              }
            ],
            "id": "/subscriptions/e0203d30-686d-4aed-a9d4-96a88197eb21/resourceGroups/LaisPamela/providers/Microsoft.Network/loadBalancers/load-balancer",
            "location": "eastus",
            "name": "load-balancer",
            "private_ip_address": "",
            "private_ip_addresses": [],
            "resource_group_name": "LaisPamela",
            "sku": "Standard",
            "sku_tier": "Regional",
            "tags": null,
            "timeouts": null
          },
          "sensitive_attributes": [],
          "private": "eyJlMmJmYjczMC1lY2FhLTExZTYtOGY4OC0zNDM2M2JjN2M0YzAiOnsiY3JlYXRlIjoxODAwMDAwMDAwMDAwLCJkZWxldGUiOjE4MDAwMDAwMDAwMDAsInJlYWQiOjMwMDAwMDAwMDAwMCwidXBkYXRlIjoxODAwMDAwMDAwMDAwfX0=",
          "dependencies": [
            "azurerm_public_ip.ip_publico_lb",
            "azurerm_resource_group.Grupo_de_recursos"
          ]
        }
      ]
    },
    {
      "mode": "managed",
      "type": "azurerm_lb_backend_address_pool",
      "name": "pool_back_end",
      "provider": "provider[\"registry.terraform.io/hashicorp/azurerm\"]",
      "instances": [
        {
          "schema_version": 0,
          "attributes": {
            "backend_ip_configurations": [],
            "id": "/subscriptions/e0203d30-686d-4aed-a9d4-96a88197eb21/resourceGroups/LaisPamela/providers/Microsoft.Network/loadBalancers/load-balancer/backendAddressPools/Pool-de-Back-end",
            "inbound_nat_rules": [],
            "load_balancing_rules": [],
            "loadbalancer_id": "/subscriptions/e0203d30-686d-4aed-a9d4-96a88197eb21/resourceGroups/LaisPamela/providers/Microsoft.Network/loadBalancers/load-balancer",
            "name": "Pool-de-Back-end",
            "outbound_rules": [],
            "timeouts": null,
            "tunnel_interface": [],
            "virtual_network_id": ""
          },
          "sensitive_attributes": [],
          "private": "eyJlMmJmYjczMC1lY2FhLTExZTYtOGY4OC0zNDM2M2JjN2M0YzAiOnsiY3JlYXRlIjoxODAwMDAwMDAwMDAwLCJkZWxldGUiOjE4MDAwMDAwMDAwMDAsInJlYWQiOjMwMDAwMDAwMDAwMCwidXBkYXRlIjoxODAwMDAwMDAwMDAwfX0=",
          "dependencies": [
            "azurerm_lb.loadb",
            "azurerm_public_ip.ip_publico_lb",
            "azurerm_resource_group.Grupo_de_recursos"
          ]
        }
      ]
    },
    {
      "mode": "managed",
      "type": "azurerm_lb_probe",
      "name": "lb_probe",
      "provider": "provider[\"registry.terraform.io/hashicorp/azurerm\"]",
      "instances": [
        {
          "schema_version": 0,
          "attributes": {
            "id": "/subscriptions/e0203d30-686d-4aed-a9d4-96a88197eb21/resourceGroups/LaisPamela/providers/Microsoft.Network/loadBalancers/load-balancer/probes/Investigacao-na-Porta-HTTP",
            "interval_in_seconds": 15,
            "load_balancer_rules": [],
            "loadbalancer_id": "/subscriptions/e0203d30-686d-4aed-a9d4-96a88197eb21/resourceGroups/LaisPamela/providers/Microsoft.Network/loadBalancers/load-balancer",
            "name": "Investigacao-na-Porta-HTTP",
            "number_of_probes": 2,
            "port": 80,
            "probe_threshold": 1,
            "protocol": "Http",
            "request_path": "/",
            "timeouts": null
          },
          "sensitive_attributes": [],
          "private": "eyJlMmJmYjczMC1lY2FhLTExZTYtOGY4OC0zNDM2M2JjN2M0YzAiOnsiY3JlYXRlIjoxODAwMDAwMDAwMDAwLCJkZWxldGUiOjE4MDAwMDAwMDAwMDAsInJlYWQiOjMwMDAwMDAwMDAwMCwidXBkYXRlIjoxODAwMDAwMDAwMDAwfX0=",
          "dependencies": [
            "azurerm_lb.loadb",
            "azurerm_public_ip.ip_publico_lb",
            "azurerm_resource_group.Grupo_de_recursos"
          ]
        }
      ]
    },
    {
      "mode": "managed",
      "type": "azurerm_lb_rule",
      "name": "lb_regas",
      "provider": "provider[\"registry.terraform.io/hashicorp/azurerm\"]",
      "instances": [
        {
          "schema_version": 0,
          "attributes": {
            "backend_address_pool_ids": [
              "/subscriptions/e0203d30-686d-4aed-a9d4-96a88197eb21/resourceGroups/LaisPamela/providers/Microsoft.Network/loadBalancers/load-balancer/backendAddressPools/Pool-de-Back-end"
            ],
            "backend_port": 80,
            "disable_outbound_snat": false,
            "enable_floating_ip": false,
            "enable_tcp_reset": false,
            "frontend_ip_configuration_id": "/subscriptions/e0203d30-686d-4aed-a9d4-96a88197eb21/resourceGroups/LaisPamela/providers/Microsoft.Network/loadBalancers/load-balancer/frontendIPConfigurations/PublicIPAddress",
            "frontend_ip_configuration_name": "PublicIPAddress",
            "frontend_port": 80,
            "id": "/subscriptions/e0203d30-686d-4aed-a9d4-96a88197eb21/resourceGroups/LaisPamela/providers/Microsoft.Network/loadBalancers/load-balancer/loadBalancingRules/LBregas",
            "idle_timeout_in_minutes": 4,
            "load_distribution": "Default",
            "loadbalancer_id": "/subscriptions/e0203d30-686d-4aed-a9d4-96a88197eb21/resourceGroups/LaisPamela/providers/Microsoft.Network/loadBalancers/load-balancer",
            "name": "LBregas",
            "probe_id": "/subscriptions/e0203d30-686d-4aed-a9d4-96a88197eb21/resourceGroups/LaisPamela/providers/Microsoft.Network/loadBalancers/load-balancer/probes/Investigacao-na-Porta-HTTP",
            "protocol": "Tcp",
            "timeouts": null
          },
          "sensitive_attributes": [],
          "private": "eyJlMmJmYjczMC1lY2FhLTExZTYtOGY4OC0zNDM2M2JjN2M0YzAiOnsiY3JlYXRlIjoxODAwMDAwMDAwMDAwLCJkZWxldGUiOjE4MDAwMDAwMDAwMDAsInJlYWQiOjMwMDAwMDAwMDAwMCwidXBkYXRlIjoxODAwMDAwMDAwMDAwfX0=",
          "dependencies": [
            "azurerm_lb.loadb",
            "azurerm_lb_backend_address_pool.pool_back_end",
            "azurerm_lb_probe.lb_probe",
            "azurerm_public_ip.ip_publico_lb",
            "azurerm_resource_group.Grupo_de_recursos"
          ]
        }
      ]
    },
    {
      "mode": "managed",
      "type": "azurerm_linux_virtual_machine",
      "name": "linux",
      "provider": "provider[\"registry.terraform.io/hashicorp/azurerm\"]",
      "instances": [
        {
          "schema_version": 0,
          "attributes": {
            "additional_capabilities": [],
            "admin_password": "laispamela19@",
            "admin_ssh_key": [],
            "admin_username": "adminuser",
            "allow_extension_operations": true,
            "availability_set_id": "",
            "boot_diagnostics": [],
            "bypass_platform_safety_checks_on_user_schedule_enabled": false,
            "capacity_reservation_group_id": "",
            "computer_name": "linux",
            "custom_data": null,
            "dedicated_host_group_id": "",
            "dedicated_host_id": "",
            "disable_password_authentication": false,
            "disk_controller_type": "",
            "edge_zone": "",
            "encryption_at_host_enabled": false,
            "eviction_policy": "",
            "extensions_time_budget": "PT1H30M",
            "gallery_application": [],
            "id": "/subscriptions/e0203d30-686d-4aed-a9d4-96a88197eb21/resourceGroups/LaisPamela/providers/Microsoft.Compute/virtualMachines/linux",
            "identity": [],
            "license_type": "",
            "location": "eastus",
            "max_bid_price": -1,
            "name": "linux",
            "network_interface_ids": [
              "/subscriptions/e0203d30-686d-4aed-a9d4-96a88197eb21/resourceGroups/LaisPamela/providers/Microsoft.Network/networkInterfaces/Interface_de_rede_Linux"
            ],
            "os_disk": [
              {
                "caching": "ReadWrite",
                "diff_disk_settings": [],
                "disk_encryption_set_id": "",
                "disk_size_gb": 30,
                "name": "linux_disk1_dce47990302c4a18af8fb0760ab139a5",
                "secure_vm_disk_encryption_set_id": "",
                "security_encryption_type": "",
                "storage_account_type": "Standard_LRS",
                "write_accelerator_enabled": false
              }
            ],
            "os_image_notification": [],
            "patch_assessment_mode": "ImageDefault",
            "patch_mode": "ImageDefault",
            "plan": [],
            "platform_fault_domain": -1,
            "priority": "Regular",
            "private_ip_address": "172.16.1.5",
            "private_ip_addresses": [
              "172.16.1.5"
            ],
            "provision_vm_agent": true,
            "proximity_placement_group_id": "",
            "public_ip_address": "20.163.197.145",
            "public_ip_addresses": [
              "20.163.197.145"
            ],
            "reboot_setting": "",
            "resource_group_name": "LaisPamela",
            "secret": [],
            "secure_boot_enabled": false,
            "size": "Standard_DS1_v2",
            "source_image_id": "",
            "source_image_reference": [
              {
                "offer": "UbuntuServer",
                "publisher": "Canonical",
                "sku": "18.04-LTS",
                "version": "latest"
              }
            ],
            "tags": null,
            "termination_notification": null,
            "timeouts": null,
            "user_data": "",
            "virtual_machine_id": "e5fd05a2-391a-425c-bec8-6dd9b10d456f",
            "virtual_machine_scale_set_id": "",
            "vm_agent_platform_updates_enabled": false,
            "vtpm_enabled": false,
            "zone": ""
          },
          "sensitive_attributes": [],
          "private": "eyJlMmJmYjczMC1lY2FhLTExZTYtOGY4OC0zNDM2M2JjN2M0YzAiOnsiY3JlYXRlIjoyNzAwMDAwMDAwMDAwLCJkZWxldGUiOjI3MDAwMDAwMDAwMDAsInJlYWQiOjMwMDAwMDAwMDAwMCwidXBkYXRlIjoyNzAwMDAwMDAwMDAwfX0=",
          "dependencies": [
            "azurerm_network_interface.Interface_de_rede_Linux",
            "azurerm_public_ip.public_ip_linux",
            "azurerm_resource_group.Grupo_de_recursos",
            "azurerm_subnet.Subrede_Publica",
            "azurerm_virtual_network.VNET"
          ]
        }
      ]
    },
    {
      "mode": "managed",
      "type": "azurerm_linux_virtual_machine",
      "name": "linuxlb",
      "provider": "provider[\"registry.terraform.io/hashicorp/azurerm\"]",
      "instances": [
        {
          "index_key": 0,
          "schema_version": 0,
          "attributes": {
            "additional_capabilities": [],
            "admin_password": "Senai@134@134",
            "admin_ssh_key": [],
            "admin_username": "adminuser",
            "allow_extension_operations": true,
            "availability_set_id": "",
            "boot_diagnostics": [],
            "bypass_platform_safety_checks_on_user_schedule_enabled": false,
            "capacity_reservation_group_id": "",
            "computer_name": "vm-0",
            "custom_data": "IyEvYmluL2Jhc2gNCiMgQXR1YWxpemEgb3MgcGFjb3RlcyBkZSBpbnN0YWxhw6fDo28NCnN1ZG8gYXB0IHVwZGF0ZSAteQ0KIyBJbnN0YWxhIG8gQXBhY2hlMiBlIG8gQ3JvbnRhYg0Kc3VkbyBhcHQgaW5zdGFsbCBhcGFjaGUyIGNyb24gLXkNCiMgSGFiaWxpdGEgYSBpbmljaWFsaXphw6fDo28gZG8gQXBhY2hlMiBqdW50byBjb20gbyBzaXN0ZW1hDQpzdWRvIHN5c3RlbWN0bCBlbmFibGUgYXBhY2hlMg0KIyBJbmljaWEgbyBBcGFjaGUyDQpzdWRvIHN5c3RlbWN0bCBzdGFydCBhcGFjaGUyDQojIENyaWEgdW0gc2NyaXB0IHBhcmEgY29sb2NhciBvIGhvc3RuYW1lIG5vIHNpdGUNCmVjaG8gJ2VjaG8gIlNpdGUgbmEgTWFxdWluYSBWaXJ0dWFsOiAkKGhvc3RuYW1lKSIgPiAvdmFyL3d3dy9odG1sL2luZGV4Lmh0bWwnID4gL2Nyb24uc2gNCiMgRMOhIHBlcm1pc3PDo28gZGUgZXhlY3XDp8OjbyBhbyBzY3JpcHQNCmNobW9kICt4IC9jcm9uLnNoDQojIERlZmluZSBhIGV4ZWN1w6fDo28gZG8gc2NyaXB0IGEgY2FkYSBtaW51dG8gbm8gQ3JvbnRhYg0KZWNobyAnKiAqICogKiAqIHJvb3QgL2Nyb24uc2gnID4gL2V0Yy9jcm9udGFiDQo=",
            "dedicated_host_group_id": "",
            "dedicated_host_id": "",
            "disable_password_authentication": false,
            "disk_controller_type": "",
            "edge_zone": "",
            "encryption_at_host_enabled": false,
            "eviction_policy": "",
            "extensions_time_budget": "PT1H30M",
            "gallery_application": [],
            "id": "/subscriptions/e0203d30-686d-4aed-a9d4-96a88197eb21/resourceGroups/LaisPamela/providers/Microsoft.Compute/virtualMachines/vm-0",
            "identity": [],
            "license_type": "",
            "location": "eastus",
            "max_bid_price": -1,
            "name": "vm-0",
            "network_interface_ids": [
              "/subscriptions/e0203d30-686d-4aed-a9d4-96a88197eb21/resourceGroups/LaisPamela/providers/Microsoft.Network/networkInterfaces/vm-0-network-interface"
            ],
            "os_disk": [
              {
                "caching": "ReadWrite",
                "diff_disk_settings": [],
                "disk_encryption_set_id": "",
                "disk_size_gb": 30,
                "name": "vm-0_disk1_1078992043494dd5bb59a653b7d095b8",
                "secure_vm_disk_encryption_set_id": "",
                "security_encryption_type": "",
                "storage_account_type": "Standard_LRS",
                "write_accelerator_enabled": false
              }
            ],
            "os_image_notification": [],
            "patch_assessment_mode": "ImageDefault",
            "patch_mode": "ImageDefault",
            "plan": [],
            "platform_fault_domain": -1,
            "priority": "Regular",
            "private_ip_address": "172.16.1.5",
            "private_ip_addresses": [
              "172.16.1.5"
            ],
            "provision_vm_agent": true,
            "proximity_placement_group_id": "",
            "public_ip_address": "172.190.141.99",
            "public_ip_addresses": [
              "172.190.141.99"
            ],
            "reboot_setting": "",
            "resource_group_name": "LaisPamela",
            "secret": [],
            "secure_boot_enabled": false,
            "size": "Standard_DS1_v2",
            "source_image_id": "",
            "source_image_reference": [
              {
                "offer": "UbuntuServer",
                "publisher": "Canonical",
                "sku": "18.04-LTS",
                "version": "latest"
              }
            ],
            "tags": null,
            "termination_notification": null,
            "timeouts": null,
            "user_data": "",
            "virtual_machine_id": "c282a7bc-5a6e-4e67-8b5a-0c94a44996e4",
            "virtual_machine_scale_set_id": "",
            "vm_agent_platform_updates_enabled": false,
            "vtpm_enabled": false,
            "zone": ""
          },
          "sensitive_attributes": [],
          "private": "eyJlMmJmYjczMC1lY2FhLTExZTYtOGY4OC0zNDM2M2JjN2M0YzAiOnsiY3JlYXRlIjoyNzAwMDAwMDAwMDAwLCJkZWxldGUiOjI3MDAwMDAwMDAwMDAsInJlYWQiOjMwMDAwMDAwMDAwMCwidXBkYXRlIjoyNzAwMDAwMDAwMDAwfX0=",
          "dependencies": [
            "azurerm_network_interface.vm_network_interface",
            "azurerm_public_ip.vm_public_ip",
            "azurerm_resource_group.Grupo_de_recursos",
            "azurerm_subnet.Subrede_Publica",
            "azurerm_virtual_network.VNET"
          ]
        },
        {
          "index_key": 1,
          "schema_version": 0,
          "attributes": {
            "additional_capabilities": [],
            "admin_password": "Senai@134@134",
            "admin_ssh_key": [],
            "admin_username": "adminuser",
            "allow_extension_operations": true,
            "availability_set_id": "",
            "boot_diagnostics": [],
            "bypass_platform_safety_checks_on_user_schedule_enabled": false,
            "capacity_reservation_group_id": "",
            "computer_name": "vm-1",
            "custom_data": "IyEvYmluL2Jhc2gNCiMgQXR1YWxpemEgb3MgcGFjb3RlcyBkZSBpbnN0YWxhw6fDo28NCnN1ZG8gYXB0IHVwZGF0ZSAteQ0KIyBJbnN0YWxhIG8gQXBhY2hlMiBlIG8gQ3JvbnRhYg0Kc3VkbyBhcHQgaW5zdGFsbCBhcGFjaGUyIGNyb24gLXkNCiMgSGFiaWxpdGEgYSBpbmljaWFsaXphw6fDo28gZG8gQXBhY2hlMiBqdW50byBjb20gbyBzaXN0ZW1hDQpzdWRvIHN5c3RlbWN0bCBlbmFibGUgYXBhY2hlMg0KIyBJbmljaWEgbyBBcGFjaGUyDQpzdWRvIHN5c3RlbWN0bCBzdGFydCBhcGFjaGUyDQojIENyaWEgdW0gc2NyaXB0IHBhcmEgY29sb2NhciBvIGhvc3RuYW1lIG5vIHNpdGUNCmVjaG8gJ2VjaG8gIlNpdGUgbmEgTWFxdWluYSBWaXJ0dWFsOiAkKGhvc3RuYW1lKSIgPiAvdmFyL3d3dy9odG1sL2luZGV4Lmh0bWwnID4gL2Nyb24uc2gNCiMgRMOhIHBlcm1pc3PDo28gZGUgZXhlY3XDp8OjbyBhbyBzY3JpcHQNCmNobW9kICt4IC9jcm9uLnNoDQojIERlZmluZSBhIGV4ZWN1w6fDo28gZG8gc2NyaXB0IGEgY2FkYSBtaW51dG8gbm8gQ3JvbnRhYg0KZWNobyAnKiAqICogKiAqIHJvb3QgL2Nyb24uc2gnID4gL2V0Yy9jcm9udGFiDQo=",
            "dedicated_host_group_id": "",
            "dedicated_host_id": "",
            "disable_password_authentication": false,
            "disk_controller_type": "",
            "edge_zone": "",
            "encryption_at_host_enabled": false,
            "eviction_policy": "",
            "extensions_time_budget": "PT1H30M",
            "gallery_application": [],
            "id": "/subscriptions/e0203d30-686d-4aed-a9d4-96a88197eb21/resourceGroups/LaisPamela/providers/Microsoft.Compute/virtualMachines/vm-1",
            "identity": [],
            "license_type": "",
            "location": "eastus",
            "max_bid_price": -1,
            "name": "vm-1",
            "network_interface_ids": [
              "/subscriptions/e0203d30-686d-4aed-a9d4-96a88197eb21/resourceGroups/LaisPamela/providers/Microsoft.Network/networkInterfaces/vm-1-network-interface"
            ],
            "os_disk": [
              {
                "caching": "ReadWrite",
                "diff_disk_settings": [],
                "disk_encryption_set_id": "",
                "disk_size_gb": 30,
                "name": "vm-1_disk1_20766170cf024e64baf53646f5b330e3",
                "secure_vm_disk_encryption_set_id": "",
                "security_encryption_type": "",
                "storage_account_type": "Standard_LRS",
                "write_accelerator_enabled": false
              }
            ],
            "os_image_notification": [],
            "patch_assessment_mode": "ImageDefault",
            "patch_mode": "ImageDefault",
            "plan": [],
            "platform_fault_domain": -1,
            "priority": "Regular",
            "private_ip_address": "172.16.1.4",
            "private_ip_addresses": [
              "172.16.1.4"
            ],
            "provision_vm_agent": true,
            "proximity_placement_group_id": "",
            "public_ip_address": "172.190.141.97",
            "public_ip_addresses": [
              "172.190.141.97"
            ],
            "reboot_setting": "",
            "resource_group_name": "LaisPamela",
            "secret": [],
            "secure_boot_enabled": false,
            "size": "Standard_DS1_v2",
            "source_image_id": "",
            "source_image_reference": [
              {
                "offer": "UbuntuServer",
                "publisher": "Canonical",
                "sku": "18.04-LTS",
                "version": "latest"
              }
            ],
            "tags": null,
            "termination_notification": null,
            "timeouts": null,
            "user_data": "",
            "virtual_machine_id": "d586277e-a623-4c04-b8b8-d6abd9b29d42",
            "virtual_machine_scale_set_id": "",
            "vm_agent_platform_updates_enabled": false,
            "vtpm_enabled": false,
            "zone": ""
          },
          "sensitive_attributes": [],
          "private": "eyJlMmJmYjczMC1lY2FhLTExZTYtOGY4OC0zNDM2M2JjN2M0YzAiOnsiY3JlYXRlIjoyNzAwMDAwMDAwMDAwLCJkZWxldGUiOjI3MDAwMDAwMDAwMDAsInJlYWQiOjMwMDAwMDAwMDAwMCwidXBkYXRlIjoyNzAwMDAwMDAwMDAwfX0=",
          "dependencies": [
            "azurerm_network_interface.vm_network_interface",
            "azurerm_public_ip.vm_public_ip",
            "azurerm_resource_group.Grupo_de_recursos",
            "azurerm_subnet.Subrede_Publica",
            "azurerm_virtual_network.VNET"
          ]
        }
      ]
    },
    {
      "mode": "managed",
      "type": "azurerm_network_interface",
      "name": "Interface_de_rede_Linux",
      "provider": "provider[\"registry.terraform.io/hashicorp/azurerm\"]",
      "instances": [
        {
          "schema_version": 0,
          "attributes": {
            "applied_dns_servers": [],
            "auxiliary_mode": "",
            "auxiliary_sku": "",
            "dns_servers": [],
            "edge_zone": "",
            "enable_accelerated_networking": false,
            "enable_ip_forwarding": false,
            "id": "/subscriptions/e0203d30-686d-4aed-a9d4-96a88197eb21/resourceGroups/LaisPamela/providers/Microsoft.Network/networkInterfaces/Interface_de_rede_Linux",
            "internal_dns_name_label": "",
            "internal_domain_name_suffix": "hcjrm2mmlzju5mkexhmjjmvv0c.bx.internal.cloudapp.net",
            "ip_configuration": [
              {
                "gateway_load_balancer_frontend_ip_configuration_id": "",
                "name": "internal",
                "primary": true,
                "private_ip_address": "172.16.1.5",
                "private_ip_address_allocation": "Dynamic",
                "private_ip_address_version": "IPv4",
                "public_ip_address_id": "/subscriptions/e0203d30-686d-4aed-a9d4-96a88197eb21/resourceGroups/LaisPamela/providers/Microsoft.Network/publicIPAddresses/public-ip-linux",
                "subnet_id": "/subscriptions/e0203d30-686d-4aed-a9d4-96a88197eb21/resourceGroups/LaisPamela/providers/Microsoft.Network/virtualNetworks/VNET_Azure/subnets/SubredePub"
              }
            ],
            "location": "eastus",
            "mac_address": "",
            "name": "Interface_de_rede_Linux",
            "private_ip_address": "172.16.1.5",
            "private_ip_addresses": [
              "172.16.1.5"
            ],
            "resource_group_name": "LaisPamela",
            "tags": null,
            "timeouts": null,
            "virtual_machine_id": ""
          },
          "sensitive_attributes": [],
          "private": "eyJlMmJmYjczMC1lY2FhLTExZTYtOGY4OC0zNDM2M2JjN2M0YzAiOnsiY3JlYXRlIjoxODAwMDAwMDAwMDAwLCJkZWxldGUiOjE4MDAwMDAwMDAwMDAsInJlYWQiOjMwMDAwMDAwMDAwMCwidXBkYXRlIjoxODAwMDAwMDAwMDAwfX0=",
          "dependencies": [
            "azurerm_public_ip.public_ip_linux",
            "azurerm_resource_group.Grupo_de_recursos",
            "azurerm_subnet.Subrede_Publica",
            "azurerm_virtual_network.VNET"
          ]
        }
      ]
    },
    {
      "mode": "managed",
      "type": "azurerm_network_interface",
      "name": "Interface_de_rede_Windows",
      "provider": "provider[\"registry.terraform.io/hashicorp/azurerm\"]",
      "instances": [
        {
          "schema_version": 0,
          "attributes": {
            "applied_dns_servers": [],
            "auxiliary_mode": "",
            "auxiliary_sku": "",
            "dns_servers": [],
            "edge_zone": "",
            "enable_accelerated_networking": false,
            "enable_ip_forwarding": false,
            "id": "/subscriptions/e0203d30-686d-4aed-a9d4-96a88197eb21/resourceGroups/LaisPamela/providers/Microsoft.Network/networkInterfaces/Interface_de_rede_Windows",
            "internal_dns_name_label": "",
            "internal_domain_name_suffix": "hcjrm2mmlzju5mkexhmjjmvv0c.bx.internal.cloudapp.net",
            "ip_configuration": [
              {
                "gateway_load_balancer_frontend_ip_configuration_id": "",
                "name": "internal",
                "primary": true,
                "private_ip_address": "172.16.1.4",
                "private_ip_address_allocation": "Dynamic",
                "private_ip_address_version": "IPv4",
                "public_ip_address_id": "/subscriptions/e0203d30-686d-4aed-a9d4-96a88197eb21/resourceGroups/LaisPamela/providers/Microsoft.Network/publicIPAddresses/public-ip-windows",
                "subnet_id": "/subscriptions/e0203d30-686d-4aed-a9d4-96a88197eb21/resourceGroups/LaisPamela/providers/Microsoft.Network/virtualNetworks/VNET_Azure/subnets/SubredePub"
              }
            ],
            "location": "eastus",
            "mac_address": "",
            "name": "Interface_de_rede_Windows",
            "private_ip_address": "172.16.1.4",
            "private_ip_addresses": [
              "172.16.1.4"
            ],
            "resource_group_name": "LaisPamela",
            "tags": null,
            "timeouts": null,
            "virtual_machine_id": ""
          },
          "sensitive_attributes": [],
          "private": "eyJlMmJmYjczMC1lY2FhLTExZTYtOGY4OC0zNDM2M2JjN2M0YzAiOnsiY3JlYXRlIjoxODAwMDAwMDAwMDAwLCJkZWxldGUiOjE4MDAwMDAwMDAwMDAsInJlYWQiOjMwMDAwMDAwMDAwMCwidXBkYXRlIjoxODAwMDAwMDAwMDAwfX0=",
          "dependencies": [
            "azurerm_public_ip.public_ip_windows",
            "azurerm_resource_group.Grupo_de_recursos",
            "azurerm_subnet.Subrede_Publica",
            "azurerm_virtual_network.VNET"
          ]
        }
      ]
    },
    {
      "mode": "managed",
      "type": "azurerm_network_interface",
      "name": "vm_network_interface",
      "provider": "provider[\"registry.terraform.io/hashicorp/azurerm\"]",
      "instances": [
        {
          "index_key": 0,
          "schema_version": 0,
          "attributes": {
            "applied_dns_servers": [],
            "auxiliary_mode": "",
            "auxiliary_sku": "",
            "dns_servers": [],
            "edge_zone": "",
            "enable_accelerated_networking": false,
            "enable_ip_forwarding": false,
            "id": "/subscriptions/e0203d30-686d-4aed-a9d4-96a88197eb21/resourceGroups/LaisPamela/providers/Microsoft.Network/networkInterfaces/vm-0-network-interface",
            "internal_dns_name_label": "",
            "internal_domain_name_suffix": "z5tlss5vokfubo2vxlz5ojb3fa.bx.internal.cloudapp.net",
            "ip_configuration": [
              {
                "gateway_load_balancer_frontend_ip_configuration_id": "",
                "name": "vm-0-ip-configuration",
                "primary": true,
                "private_ip_address": "172.16.1.5",
                "private_ip_address_allocation": "Dynamic",
                "private_ip_address_version": "IPv4",
                "public_ip_address_id": "/subscriptions/e0203d30-686d-4aed-a9d4-96a88197eb21/resourceGroups/LaisPamela/providers/Microsoft.Network/publicIPAddresses/ip-vm-0",
                "subnet_id": "/subscriptions/e0203d30-686d-4aed-a9d4-96a88197eb21/resourceGroups/LaisPamela/providers/Microsoft.Network/virtualNetworks/VNET_Azure/subnets/SubredePub"
              }
            ],
            "location": "eastus",
            "mac_address": "",
            "name": "vm-0-network-interface",
            "private_ip_address": "172.16.1.5",
            "private_ip_addresses": [
              "172.16.1.5"
            ],
            "resource_group_name": "LaisPamela",
            "tags": null,
            "timeouts": null,
            "virtual_machine_id": ""
          },
          "sensitive_attributes": [],
          "private": "eyJlMmJmYjczMC1lY2FhLTExZTYtOGY4OC0zNDM2M2JjN2M0YzAiOnsiY3JlYXRlIjoxODAwMDAwMDAwMDAwLCJkZWxldGUiOjE4MDAwMDAwMDAwMDAsInJlYWQiOjMwMDAwMDAwMDAwMCwidXBkYXRlIjoxODAwMDAwMDAwMDAwfX0=",
          "dependencies": [
            "azurerm_public_ip.vm_public_ip",
            "azurerm_resource_group.Grupo_de_recursos",
            "azurerm_subnet.Subrede_Publica",
            "azurerm_virtual_network.VNET"
          ]
        },
        {
          "index_key": 1,
          "schema_version": 0,
          "attributes": {
            "applied_dns_servers": [],
            "auxiliary_mode": "",
            "auxiliary_sku": "",
            "dns_servers": [],
            "edge_zone": "",
            "enable_accelerated_networking": false,
            "enable_ip_forwarding": false,
            "id": "/subscriptions/e0203d30-686d-4aed-a9d4-96a88197eb21/resourceGroups/LaisPamela/providers/Microsoft.Network/networkInterfaces/vm-1-network-interface",
            "internal_dns_name_label": "",
            "internal_domain_name_suffix": "z5tlss5vokfubo2vxlz5ojb3fa.bx.internal.cloudapp.net",
            "ip_configuration": [
              {
                "gateway_load_balancer_frontend_ip_configuration_id": "",
                "name": "vm-1-ip-configuration",
                "primary": true,
                "private_ip_address": "172.16.1.4",
                "private_ip_address_allocation": "Dynamic",
                "private_ip_address_version": "IPv4",
                "public_ip_address_id": "/subscriptions/e0203d30-686d-4aed-a9d4-96a88197eb21/resourceGroups/LaisPamela/providers/Microsoft.Network/publicIPAddresses/ip-vm-1",
                "subnet_id": "/subscriptions/e0203d30-686d-4aed-a9d4-96a88197eb21/resourceGroups/LaisPamela/providers/Microsoft.Network/virtualNetworks/VNET_Azure/subnets/SubredePub"
              }
            ],
            "location": "eastus",
            "mac_address": "",
            "name": "vm-1-network-interface",
            "private_ip_address": "172.16.1.4",
            "private_ip_addresses": [
              "172.16.1.4"
            ],
            "resource_group_name": "LaisPamela",
            "tags": null,
            "timeouts": null,
            "virtual_machine_id": ""
          },
          "sensitive_attributes": [],
          "private": "eyJlMmJmYjczMC1lY2FhLTExZTYtOGY4OC0zNDM2M2JjN2M0YzAiOnsiY3JlYXRlIjoxODAwMDAwMDAwMDAwLCJkZWxldGUiOjE4MDAwMDAwMDAwMDAsInJlYWQiOjMwMDAwMDAwMDAwMCwidXBkYXRlIjoxODAwMDAwMDAwMDAwfX0=",
          "dependencies": [
            "azurerm_public_ip.vm_public_ip",
            "azurerm_resource_group.Grupo_de_recursos",
            "azurerm_subnet.Subrede_Publica",
            "azurerm_virtual_network.VNET"
          ]
        }
      ]
    },
    {
      "mode": "managed",
      "type": "azurerm_network_interface_backend_address_pool_association",
      "name": "pool_association",
      "provider": "provider[\"registry.terraform.io/hashicorp/azurerm\"]",
      "instances": [
        {
          "index_key": 0,
          "schema_version": 0,
          "attributes": {
            "backend_address_pool_id": "/subscriptions/e0203d30-686d-4aed-a9d4-96a88197eb21/resourceGroups/LaisPamela/providers/Microsoft.Network/loadBalancers/load-balancer/backendAddressPools/Pool-de-Back-end",
            "id": "/subscriptions/e0203d30-686d-4aed-a9d4-96a88197eb21/resourceGroups/LaisPamela/providers/Microsoft.Network/networkInterfaces/vm-0-network-interface/ipConfigurations/vm-0-ip-configuration|/subscriptions/e0203d30-686d-4aed-a9d4-96a88197eb21/resourceGroups/LaisPamela/providers/Microsoft.Network/loadBalancers/load-balancer/backendAddressPools/Pool-de-Back-end",
            "ip_configuration_name": "vm-0-ip-configuration",
            "network_interface_id": "/subscriptions/e0203d30-686d-4aed-a9d4-96a88197eb21/resourceGroups/LaisPamela/providers/Microsoft.Network/networkInterfaces/vm-0-network-interface",
            "timeouts": null
          },
          "sensitive_attributes": [],
          "private": "eyJlMmJmYjczMC1lY2FhLTExZTYtOGY4OC0zNDM2M2JjN2M0YzAiOnsiY3JlYXRlIjoxODAwMDAwMDAwMDAwLCJkZWxldGUiOjE4MDAwMDAwMDAwMDAsInJlYWQiOjMwMDAwMDAwMDAwMH19",
          "dependencies": [
            "azurerm_lb.loadb",
            "azurerm_lb_backend_address_pool.pool_back_end",
            "azurerm_network_interface.vm_network_interface",
            "azurerm_public_ip.ip_publico_lb",
            "azurerm_public_ip.vm_public_ip",
            "azurerm_resource_group.Grupo_de_recursos",
            "azurerm_subnet.Subrede_Publica",
            "azurerm_virtual_network.VNET"
          ]
        },
        {
          "index_key": 1,
          "schema_version": 0,
          "attributes": {
            "backend_address_pool_id": "/subscriptions/e0203d30-686d-4aed-a9d4-96a88197eb21/resourceGroups/LaisPamela/providers/Microsoft.Network/loadBalancers/load-balancer/backendAddressPools/Pool-de-Back-end",
            "id": "/subscriptions/e0203d30-686d-4aed-a9d4-96a88197eb21/resourceGroups/LaisPamela/providers/Microsoft.Network/networkInterfaces/vm-1-network-interface/ipConfigurations/vm-1-ip-configuration|/subscriptions/e0203d30-686d-4aed-a9d4-96a88197eb21/resourceGroups/LaisPamela/providers/Microsoft.Network/loadBalancers/load-balancer/backendAddressPools/Pool-de-Back-end",
            "ip_configuration_name": "vm-1-ip-configuration",
            "network_interface_id": "/subscriptions/e0203d30-686d-4aed-a9d4-96a88197eb21/resourceGroups/LaisPamela/providers/Microsoft.Network/networkInterfaces/vm-1-network-interface",
            "timeouts": null
          },
          "sensitive_attributes": [],
          "private": "eyJlMmJmYjczMC1lY2FhLTExZTYtOGY4OC0zNDM2M2JjN2M0YzAiOnsiY3JlYXRlIjoxODAwMDAwMDAwMDAwLCJkZWxldGUiOjE4MDAwMDAwMDAwMDAsInJlYWQiOjMwMDAwMDAwMDAwMH19",
          "dependencies": [
            "azurerm_lb.loadb",
            "azurerm_lb_backend_address_pool.pool_back_end",
            "azurerm_network_interface.vm_network_interface",
            "azurerm_public_ip.ip_publico_lb",
            "azurerm_public_ip.vm_public_ip",
            "azurerm_resource_group.Grupo_de_recursos",
            "azurerm_subnet.Subrede_Publica",
            "azurerm_virtual_network.VNET"
          ]
        }
      ]
    },
    {
      "mode": "managed",
      "type": "azurerm_network_security_group",
      "name": "Grupo_de_Seguranca_Linux",
      "provider": "provider[\"registry.terraform.io/hashicorp/azurerm\"]",
      "instances": [
        {
          "schema_version": 0,
          "attributes": {
            "id": "/subscriptions/e0203d30-686d-4aed-a9d4-96a88197eb21/resourceGroups/LaisPamela/providers/Microsoft.Network/networkSecurityGroups/Grupo_de_Segurança_Linux",
            "location": "eastus",
            "name": "Grupo_de_Segurança_Linux",
            "resource_group_name": "LaisPamela",
            "security_rule": [
              {
                "access": "Allow",
                "description": "",
                "destination_address_prefix": "*",
                "destination_address_prefixes": [],
                "destination_application_security_group_ids": [],
                "destination_port_range": "22",
                "destination_port_ranges": [],
                "direction": "Inbound",
                "name": "SSH",
                "priority": 1001,
                "protocol": "Tcp",
                "source_address_prefix": "*",
                "source_address_prefixes": [],
                "source_application_security_group_ids": [],
                "source_port_range": "*",
                "source_port_ranges": []
              }
            ],
            "tags": null,
            "timeouts": null
          },
          "sensitive_attributes": [],
          "private": "eyJlMmJmYjczMC1lY2FhLTExZTYtOGY4OC0zNDM2M2JjN2M0YzAiOnsiY3JlYXRlIjoxODAwMDAwMDAwMDAwLCJkZWxldGUiOjE4MDAwMDAwMDAwMDAsInJlYWQiOjMwMDAwMDAwMDAwMCwidXBkYXRlIjoxODAwMDAwMDAwMDAwfX0=",
          "dependencies": [
            "azurerm_resource_group.Grupo_de_recursos"
          ]
        }
      ]
    },
    {
      "mode": "managed",
      "type": "azurerm_network_security_group",
      "name": "Grupo_de_Seguranca_Windows",
      "provider": "provider[\"registry.terraform.io/hashicorp/azurerm\"]",
      "instances": [
        {
          "schema_version": 0,
          "attributes": {
            "id": "/subscriptions/e0203d30-686d-4aed-a9d4-96a88197eb21/resourceGroups/LaisPamela/providers/Microsoft.Network/networkSecurityGroups/Grupo_de_Segurança_Windows",
            "location": "eastus",
            "name": "Grupo_de_Segurança_Windows",
            "resource_group_name": "LaisPamela",
            "security_rule": [
              {
                "access": "Allow",
                "description": "",
                "destination_address_prefix": "*",
                "destination_address_prefixes": [],
                "destination_application_security_group_ids": [],
                "destination_port_range": "3389",
                "destination_port_ranges": [],
                "direction": "Inbound",
                "name": "RDP",
                "priority": 1001,
                "protocol": "Tcp",
                "source_address_prefix": "*",
                "source_address_prefixes": [],
                "source_application_security_group_ids": [],
                "source_port_range": "*",
                "source_port_ranges": []
              }
            ],
            "tags": null,
            "timeouts": null
          },
          "sensitive_attributes": [],
          "private": "eyJlMmJmYjczMC1lY2FhLTExZTYtOGY4OC0zNDM2M2JjN2M0YzAiOnsiY3JlYXRlIjoxODAwMDAwMDAwMDAwLCJkZWxldGUiOjE4MDAwMDAwMDAwMDAsInJlYWQiOjMwMDAwMDAwMDAwMCwidXBkYXRlIjoxODAwMDAwMDAwMDAwfX0=",
          "dependencies": [
            "azurerm_resource_group.Grupo_de_recursos"
          ]
        }
      ]
    },
    {
      "mode": "managed",
      "type": "azurerm_network_security_group",
      "name": "lbsg",
      "provider": "provider[\"registry.terraform.io/hashicorp/azurerm\"]",
      "instances": [
        {
          "schema_version": 0,
          "attributes": {
            "id": "/subscriptions/e0203d30-686d-4aed-a9d4-96a88197eb21/resourceGroups/LaisPamela/providers/Microsoft.Network/networkSecurityGroups/lbsg",
            "location": "eastus",
            "name": "lbsg",
            "resource_group_name": "LaisPamela",
            "security_rule": [],
            "tags": null,
            "timeouts": null
          },
          "sensitive_attributes": [],
          "private": "eyJlMmJmYjczMC1lY2FhLTExZTYtOGY4OC0zNDM2M2JjN2M0YzAiOnsiY3JlYXRlIjoxODAwMDAwMDAwMDAwLCJkZWxldGUiOjE4MDAwMDAwMDAwMDAsInJlYWQiOjMwMDAwMDAwMDAwMCwidXBkYXRlIjoxODAwMDAwMDAwMDAwfX0=",
          "dependencies": [
            "azurerm_resource_group.Grupo_de_recursos"
          ]
        }
      ]
    },
    {
      "mode": "managed",
      "type": "azurerm_network_security_rule",
      "name": "regras_lbsg",
      "provider": "provider[\"registry.terraform.io/hashicorp/azurerm\"]",
      "instances": [
        {
          "schema_version": 0,
          "attributes": {
            "access": "Allow",
            "description": "",
            "destination_address_prefix": "*",
            "destination_address_prefixes": null,
            "destination_application_security_group_ids": null,
            "destination_port_range": "80",
            "destination_port_ranges": null,
            "direction": "Inbound",
            "id": "/subscriptions/e0203d30-686d-4aed-a9d4-96a88197eb21/resourceGroups/LaisPamela/providers/Microsoft.Network/networkSecurityGroups/lbsg/securityRules/regras_lbsg",
            "name": "regras_lbsg",
            "network_security_group_name": "lbsg",
            "priority": 1001,
            "protocol": "Tcp",
            "resource_group_name": "LaisPamela",
            "source_address_prefix": "*",
            "source_address_prefixes": null,
            "source_application_security_group_ids": null,
            "source_port_range": "*",
            "source_port_ranges": null,
            "timeouts": null
          },
          "sensitive_attributes": [],
          "private": "eyJlMmJmYjczMC1lY2FhLTExZTYtOGY4OC0zNDM2M2JjN2M0YzAiOnsiY3JlYXRlIjoxODAwMDAwMDAwMDAwLCJkZWxldGUiOjE4MDAwMDAwMDAwMDAsInJlYWQiOjMwMDAwMDAwMDAwMCwidXBkYXRlIjoxODAwMDAwMDAwMDAwfX0=",
          "dependencies": [
            "azurerm_network_security_group.lbsg",
            "azurerm_resource_group.Grupo_de_recursos"
          ]
        }
      ]
    },
    {
      "mode": "managed",
      "type": "azurerm_public_ip",
      "name": "ip_publico_lb",
      "provider": "provider[\"registry.terraform.io/hashicorp/azurerm\"]",
      "instances": [
        {
          "schema_version": 0,
          "attributes": {
            "allocation_method": "Static",
            "ddos_protection_mode": "VirtualNetworkInherited",
            "ddos_protection_plan_id": null,
            "domain_name_label": null,
            "edge_zone": "",
            "fqdn": null,
            "id": "/subscriptions/e0203d30-686d-4aed-a9d4-96a88197eb21/resourceGroups/LaisPamela/providers/Microsoft.Network/publicIPAddresses/public-ip-lb",
            "idle_timeout_in_minutes": 4,
            "ip_address": "172.190.141.58",
            "ip_tags": null,
            "ip_version": "IPv4",
            "location": "eastus",
            "name": "public-ip-lb",
            "public_ip_prefix_id": null,
            "resource_group_name": "LaisPamela",
            "reverse_fqdn": null,
            "sku": "Standard",
            "sku_tier": "Regional",
            "tags": null,
            "timeouts": null,
            "zones": null
          },
          "sensitive_attributes": [],
          "private": "eyJlMmJmYjczMC1lY2FhLTExZTYtOGY4OC0zNDM2M2JjN2M0YzAiOnsiY3JlYXRlIjoxODAwMDAwMDAwMDAwLCJkZWxldGUiOjE4MDAwMDAwMDAwMDAsInJlYWQiOjMwMDAwMDAwMDAwMCwidXBkYXRlIjoxODAwMDAwMDAwMDAwfX0=",
          "dependencies": [
            "azurerm_resource_group.Grupo_de_recursos"
          ]
        }
      ]
    },
    {
      "mode": "managed",
      "type": "azurerm_public_ip",
      "name": "public_ip_linux",
      "provider": "provider[\"registry.terraform.io/hashicorp/azurerm\"]",
      "instances": [
        {
          "schema_version": 0,
          "attributes": {
            "allocation_method": "Dynamic",
            "ddos_protection_mode": "VirtualNetworkInherited",
            "ddos_protection_plan_id": null,
            "domain_name_label": null,
            "edge_zone": "",
            "fqdn": null,
            "id": "/subscriptions/e0203d30-686d-4aed-a9d4-96a88197eb21/resourceGroups/LaisPamela/providers/Microsoft.Network/publicIPAddresses/public-ip-linux",
            "idle_timeout_in_minutes": 4,
            "ip_address": "",
            "ip_tags": {},
            "ip_version": "IPv4",
            "location": "eastus",
            "name": "public-ip-linux",
            "public_ip_prefix_id": null,
            "resource_group_name": "LaisPamela",
            "reverse_fqdn": null,
            "sku": "Basic",
            "sku_tier": "Regional",
            "tags": {},
            "timeouts": null,
            "zones": []
          },
          "sensitive_attributes": [],
          "private": "eyJlMmJmYjczMC1lY2FhLTExZTYtOGY4OC0zNDM2M2JjN2M0YzAiOnsiY3JlYXRlIjoxODAwMDAwMDAwMDAwLCJkZWxldGUiOjE4MDAwMDAwMDAwMDAsInJlYWQiOjMwMDAwMDAwMDAwMCwidXBkYXRlIjoxODAwMDAwMDAwMDAwfX0=",
          "dependencies": [
            "azurerm_resource_group.Grupo_de_recursos"
          ]
        }
      ]
    },
    {
      "mode": "managed",
      "type": "azurerm_public_ip",
      "name": "public_ip_windows",
      "provider": "provider[\"registry.terraform.io/hashicorp/azurerm\"]",
      "instances": [
        {
          "schema_version": 0,
          "attributes": {
            "allocation_method": "Dynamic",
            "ddos_protection_mode": "VirtualNetworkInherited",
            "ddos_protection_plan_id": null,
            "domain_name_label": null,
            "edge_zone": "",
            "fqdn": null,
            "id": "/subscriptions/e0203d30-686d-4aed-a9d4-96a88197eb21/resourceGroups/LaisPamela/providers/Microsoft.Network/publicIPAddresses/public-ip-windows",
            "idle_timeout_in_minutes": 4,
            "ip_address": "",
            "ip_tags": {},
            "ip_version": "IPv4",
            "location": "eastus",
            "name": "public-ip-windows",
            "public_ip_prefix_id": null,
            "resource_group_name": "LaisPamela",
            "reverse_fqdn": null,
            "sku": "Basic",
            "sku_tier": "Regional",
            "tags": {},
            "timeouts": null,
            "zones": []
          },
          "sensitive_attributes": [],
          "private": "eyJlMmJmYjczMC1lY2FhLTExZTYtOGY4OC0zNDM2M2JjN2M0YzAiOnsiY3JlYXRlIjoxODAwMDAwMDAwMDAwLCJkZWxldGUiOjE4MDAwMDAwMDAwMDAsInJlYWQiOjMwMDAwMDAwMDAwMCwidXBkYXRlIjoxODAwMDAwMDAwMDAwfX0=",
          "dependencies": [
            "azurerm_resource_group.Grupo_de_recursos"
          ]
        }
      ]
    },
    {
      "mode": "managed",
      "type": "azurerm_public_ip",
      "name": "vm_public_ip",
      "provider": "provider[\"registry.terraform.io/hashicorp/azurerm\"]",
      "instances": [
        {
          "index_key": 0,
          "schema_version": 0,
          "attributes": {
            "allocation_method": "Static",
            "ddos_protection_mode": "VirtualNetworkInherited",
            "ddos_protection_plan_id": null,
            "domain_name_label": null,
            "edge_zone": "",
            "fqdn": null,
            "id": "/subscriptions/e0203d30-686d-4aed-a9d4-96a88197eb21/resourceGroups/LaisPamela/providers/Microsoft.Network/publicIPAddresses/ip-vm-0",
            "idle_timeout_in_minutes": 4,
            "ip_address": "172.190.141.99",
            "ip_tags": null,
            "ip_version": "IPv4",
            "location": "eastus",
            "name": "ip-vm-0",
            "public_ip_prefix_id": null,
            "resource_group_name": "LaisPamela",
            "reverse_fqdn": null,
            "sku": "Standard",
            "sku_tier": "Regional",
            "tags": null,
            "timeouts": null,
            "zones": null
          },
          "sensitive_attributes": [],
          "private": "eyJlMmJmYjczMC1lY2FhLTExZTYtOGY4OC0zNDM2M2JjN2M0YzAiOnsiY3JlYXRlIjoxODAwMDAwMDAwMDAwLCJkZWxldGUiOjE4MDAwMDAwMDAwMDAsInJlYWQiOjMwMDAwMDAwMDAwMCwidXBkYXRlIjoxODAwMDAwMDAwMDAwfX0=",
          "dependencies": [
            "azurerm_resource_group.Grupo_de_recursos"
          ]
        },
        {
          "index_key": 1,
          "schema_version": 0,
          "attributes": {
            "allocation_method": "Static",
            "ddos_protection_mode": "VirtualNetworkInherited",
            "ddos_protection_plan_id": null,
            "domain_name_label": null,
            "edge_zone": "",
            "fqdn": null,
            "id": "/subscriptions/e0203d30-686d-4aed-a9d4-96a88197eb21/resourceGroups/LaisPamela/providers/Microsoft.Network/publicIPAddresses/ip-vm-1",
            "idle_timeout_in_minutes": 4,
            "ip_address": "172.190.141.97",
            "ip_tags": null,
            "ip_version": "IPv4",
            "location": "eastus",
            "name": "ip-vm-1",
            "public_ip_prefix_id": null,
            "resource_group_name": "LaisPamela",
            "reverse_fqdn": null,
            "sku": "Standard",
            "sku_tier": "Regional",
            "tags": null,
            "timeouts": null,
            "zones": null
          },
          "sensitive_attributes": [],
          "private": "eyJlMmJmYjczMC1lY2FhLTExZTYtOGY4OC0zNDM2M2JjN2M0YzAiOnsiY3JlYXRlIjoxODAwMDAwMDAwMDAwLCJkZWxldGUiOjE4MDAwMDAwMDAwMDAsInJlYWQiOjMwMDAwMDAwMDAwMCwidXBkYXRlIjoxODAwMDAwMDAwMDAwfX0=",
          "dependencies": [
            "azurerm_resource_group.Grupo_de_recursos"
          ]
        }
      ]
    },
    {
      "mode": "managed",
      "type": "azurerm_resource_group",
      "name": "Grupo_de_recursos",
      "provider": "provider[\"registry.terraform.io/hashicorp/azurerm\"]",
      "instances": [
        {
          "schema_version": 0,
          "attributes": {
            "id": "/subscriptions/e0203d30-686d-4aed-a9d4-96a88197eb21/resourceGroups/LaisPamela",
            "location": "eastus",
            "managed_by": "",
            "name": "LaisPamela",
            "tags": {},
            "timeouts": null
          },
          "sensitive_attributes": [],
          "private": "eyJlMmJmYjczMC1lY2FhLTExZTYtOGY4OC0zNDM2M2JjN2M0YzAiOnsiY3JlYXRlIjo1NDAwMDAwMDAwMDAwLCJkZWxldGUiOjU0MDAwMDAwMDAwMDAsInJlYWQiOjMwMDAwMDAwMDAwMCwidXBkYXRlIjo1NDAwMDAwMDAwMDAwfX0="
        }
      ]
    },
    {
      "mode": "managed",
      "type": "azurerm_storage_account",
      "name": "Conta_de_armazenamento",
      "provider": "provider[\"registry.terraform.io/hashicorp/azurerm\"]",
      "instances": [
        {
          "schema_version": 4,
          "attributes": {
            "access_tier": "Hot",
            "account_kind": "StorageV2",
            "account_replication_type": "LRS",
            "account_tier": "Standard",
            "allow_nested_items_to_be_public": true,
            "allowed_copy_scope": "",
            "azure_files_authentication": [],
            "blob_properties": [
              {
                "change_feed_enabled": false,
                "change_feed_retention_in_days": 0,
                "container_delete_retention_policy": [],
                "cors_rule": [],
                "default_service_version": "",
                "delete_retention_policy": [],
                "last_access_time_enabled": false,
                "restore_policy": [],
                "versioning_enabled": false
              }
            ],
            "cross_tenant_replication_enabled": true,
            "custom_domain": [],
            "customer_managed_key": [],
            "default_to_oauth_authentication": false,
            "dns_endpoint_type": "Standard",
            "edge_zone": "",
            "enable_https_traffic_only": true,
            "id": "/subscriptions/e0203d30-686d-4aed-a9d4-96a88197eb21/resourceGroups/LaisPamela/providers/Microsoft.Storage/storageAccounts/apilaisrodando",
            "identity": [],
            "immutability_policy": [],
            "infrastructure_encryption_enabled": false,
            "is_hns_enabled": false,
            "large_file_share_enabled": null,
            "local_user_enabled": true,
            "location": "eastus",
            "min_tls_version": "TLS1_2",
            "name": "apilaisrodando",
            "network_rules": [
              {
                "bypass": [
                  "AzureServices"
                ],
                "default_action": "Allow",
                "ip_rules": [],
                "private_link_access": [],
                "virtual_network_subnet_ids": []
              }
            ],
            "nfsv3_enabled": false,
            "primary_access_key": "nmqrOwJnm7qD/JrQHxeFyJ5WzNKjwDP4TycVFjoFTBogUzf5TWz2+ZF7u2CLFhUXrIWd0NOZckmt+AStV04ysg==",
            "primary_blob_connection_string": "DefaultEndpointsProtocol=https;BlobEndpoint=https://apilaisrodando.blob.core.windows.net/;AccountName=apilaisrodando;AccountKey=nmqrOwJnm7qD/JrQHxeFyJ5WzNKjwDP4TycVFjoFTBogUzf5TWz2+ZF7u2CLFhUXrIWd0NOZckmt+AStV04ysg==",
            "primary_blob_endpoint": "https://apilaisrodando.blob.core.windows.net/",
            "primary_blob_host": "apilaisrodando.blob.core.windows.net",
            "primary_blob_internet_endpoint": "",
            "primary_blob_internet_host": "",
            "primary_blob_microsoft_endpoint": "",
            "primary_blob_microsoft_host": "",
            "primary_connection_string": "DefaultEndpointsProtocol=https;AccountName=apilaisrodando;AccountKey=nmqrOwJnm7qD/JrQHxeFyJ5WzNKjwDP4TycVFjoFTBogUzf5TWz2+ZF7u2CLFhUXrIWd0NOZckmt+AStV04ysg==;EndpointSuffix=core.windows.net",
            "primary_dfs_endpoint": "https://apilaisrodando.dfs.core.windows.net/",
            "primary_dfs_host": "apilaisrodando.dfs.core.windows.net",
            "primary_dfs_internet_endpoint": "",
            "primary_dfs_internet_host": "",
            "primary_dfs_microsoft_endpoint": "",
            "primary_dfs_microsoft_host": "",
            "primary_file_endpoint": "https://apilaisrodando.file.core.windows.net/",
            "primary_file_host": "apilaisrodando.file.core.windows.net",
            "primary_file_internet_endpoint": "",
            "primary_file_internet_host": "",
            "primary_file_microsoft_endpoint": "",
            "primary_file_microsoft_host": "",
            "primary_location": "eastus",
            "primary_queue_endpoint": "https://apilaisrodando.queue.core.windows.net/",
            "primary_queue_host": "apilaisrodando.queue.core.windows.net",
            "primary_queue_microsoft_endpoint": "",
            "primary_queue_microsoft_host": "",
            "primary_table_endpoint": "https://apilaisrodando.table.core.windows.net/",
            "primary_table_host": "apilaisrodando.table.core.windows.net",
            "primary_table_microsoft_endpoint": "",
            "primary_table_microsoft_host": "",
            "primary_web_endpoint": "https://apilaisrodando.z13.web.core.windows.net/",
            "primary_web_host": "apilaisrodando.z13.web.core.windows.net",
            "primary_web_internet_endpoint": "",
            "primary_web_internet_host": "",
            "primary_web_microsoft_endpoint": "",
            "primary_web_microsoft_host": "",
            "public_network_access_enabled": true,
            "queue_encryption_key_type": "Service",
            "queue_properties": [
              {
                "cors_rule": [],
                "hour_metrics": [
                  {
                    "enabled": true,
                    "include_apis": true,
                    "retention_policy_days": 7,
                    "version": "1.0"
                  }
                ],
                "logging": [
                  {
                    "delete": false,
                    "read": false,
                    "retention_policy_days": 0,
                    "version": "1.0",
                    "write": false
                  }
                ],
                "minute_metrics": [
                  {
                    "enabled": false,
                    "include_apis": false,
                    "retention_policy_days": 0,
                    "version": "1.0"
                  }
                ]
              }
            ],
            "resource_group_name": "LaisPamela",
            "routing": [],
            "sas_policy": [],
            "secondary_access_key": "uzpYdohZ/WOGMJSvwszmDx3loN8niTnVFR/eRg2z4En+hP+kx4hJF3CBz2qL0cd4VZDivJzyrdN6+AStk9c4qw==",
            "secondary_blob_connection_string": "",
            "secondary_blob_endpoint": null,
            "secondary_blob_host": null,
            "secondary_blob_internet_endpoint": null,
            "secondary_blob_internet_host": null,
            "secondary_blob_microsoft_endpoint": null,
            "secondary_blob_microsoft_host": null,
            "secondary_connection_string": "DefaultEndpointsProtocol=https;AccountName=apilaisrodando;AccountKey=uzpYdohZ/WOGMJSvwszmDx3loN8niTnVFR/eRg2z4En+hP+kx4hJF3CBz2qL0cd4VZDivJzyrdN6+AStk9c4qw==;EndpointSuffix=core.windows.net",
            "secondary_dfs_endpoint": null,
            "secondary_dfs_host": null,
            "secondary_dfs_internet_endpoint": null,
            "secondary_dfs_internet_host": null,
            "secondary_dfs_microsoft_endpoint": null,
            "secondary_dfs_microsoft_host": null,
            "secondary_file_endpoint": null,
            "secondary_file_host": null,
            "secondary_file_internet_endpoint": null,
            "secondary_file_internet_host": null,
            "secondary_file_microsoft_endpoint": null,
            "secondary_file_microsoft_host": null,
            "secondary_location": "",
            "secondary_queue_endpoint": null,
            "secondary_queue_host": null,
            "secondary_queue_microsoft_endpoint": null,
            "secondary_queue_microsoft_host": null,
            "secondary_table_endpoint": null,
            "secondary_table_host": null,
            "secondary_table_microsoft_endpoint": null,
            "secondary_table_microsoft_host": null,
            "secondary_web_endpoint": null,
            "secondary_web_host": null,
            "secondary_web_internet_endpoint": null,
            "secondary_web_internet_host": null,
            "secondary_web_microsoft_endpoint": null,
            "secondary_web_microsoft_host": null,
            "sftp_enabled": false,
            "share_properties": [
              {
                "cors_rule": [],
                "retention_policy": [
                  {
                    "days": 7
                  }
                ],
                "smb": []
              }
            ],
            "shared_access_key_enabled": true,
            "static_website": [],
            "table_encryption_key_type": "Service",
            "tags": null,
            "timeouts": null
          },
          "sensitive_attributes": [],
          "private": "eyJlMmJmYjczMC1lY2FhLTExZTYtOGY4OC0zNDM2M2JjN2M0YzAiOnsiY3JlYXRlIjozNjAwMDAwMDAwMDAwLCJkZWxldGUiOjM2MDAwMDAwMDAwMDAsInJlYWQiOjMwMDAwMDAwMDAwMCwidXBkYXRlIjozNjAwMDAwMDAwMDAwfSwic2NoZW1hX3ZlcnNpb24iOiI0In0=",
          "dependencies": [
            "azurerm_resource_group.Grupo_de_recursos"
          ]
        }
      ]
    },
    {
      "mode": "managed",
      "type": "azurerm_subnet",
      "name": "Subrede_Privada",
      "provider": "provider[\"registry.terraform.io/hashicorp/azurerm\"]",
      "instances": [
        {
          "schema_version": 0,
          "attributes": {
            "address_prefixes": [
              "172.16.2.0/24"
            ],
            "delegation": [],
            "enforce_private_link_endpoint_network_policies": false,
            "enforce_private_link_service_network_policies": false,
            "id": "/subscriptions/e0203d30-686d-4aed-a9d4-96a88197eb21/resourceGroups/LaisPamela/providers/Microsoft.Network/virtualNetworks/VNET_Azure/subnets/SubredePri",
            "name": "SubredePri",
            "private_endpoint_network_policies_enabled": true,
            "private_link_service_network_policies_enabled": true,
            "resource_group_name": "LaisPamela",
            "service_endpoint_policy_ids": null,
            "service_endpoints": null,
            "timeouts": null,
            "virtual_network_name": "VNET_Azure"
          },
          "sensitive_attributes": [],
          "private": "eyJlMmJmYjczMC1lY2FhLTExZTYtOGY4OC0zNDM2M2JjN2M0YzAiOnsiY3JlYXRlIjoxODAwMDAwMDAwMDAwLCJkZWxldGUiOjE4MDAwMDAwMDAwMDAsInJlYWQiOjMwMDAwMDAwMDAwMCwidXBkYXRlIjoxODAwMDAwMDAwMDAwfX0=",
          "dependencies": [
            "azurerm_resource_group.Grupo_de_recursos",
            "azurerm_virtual_network.VNET"
          ]
        }
      ]
    },
    {
      "mode": "managed",
      "type": "azurerm_subnet",
      "name": "Subrede_Publica",
      "provider": "provider[\"registry.terraform.io/hashicorp/azurerm\"]",
      "instances": [
        {
          "schema_version": 0,
          "attributes": {
            "address_prefixes": [
              "172.16.1.0/24"
            ],
            "delegation": [],
            "enforce_private_link_endpoint_network_policies": false,
            "enforce_private_link_service_network_policies": false,
            "id": "/subscriptions/e0203d30-686d-4aed-a9d4-96a88197eb21/resourceGroups/LaisPamela/providers/Microsoft.Network/virtualNetworks/VNET_Azure/subnets/SubredePub",
            "name": "SubredePub",
            "private_endpoint_network_policies_enabled": true,
            "private_link_service_network_policies_enabled": true,
            "resource_group_name": "LaisPamela",
            "service_endpoint_policy_ids": null,
            "service_endpoints": null,
            "timeouts": null,
            "virtual_network_name": "VNET_Azure"
          },
          "sensitive_attributes": [],
          "private": "eyJlMmJmYjczMC1lY2FhLTExZTYtOGY4OC0zNDM2M2JjN2M0YzAiOnsiY3JlYXRlIjoxODAwMDAwMDAwMDAwLCJkZWxldGUiOjE4MDAwMDAwMDAwMDAsInJlYWQiOjMwMDAwMDAwMDAwMCwidXBkYXRlIjoxODAwMDAwMDAwMDAwfX0=",
          "dependencies": [
            "azurerm_resource_group.Grupo_de_recursos",
            "azurerm_virtual_network.VNET"
          ]
        }
      ]
    },
    {
      "mode": "managed",
      "type": "azurerm_subnet_network_security_group_association",
      "name": "associar_gps",
      "provider": "provider[\"registry.terraform.io/hashicorp/azurerm\"]",
      "instances": [
        {
          "schema_version": 0,
          "attributes": {
            "id": "/subscriptions/e0203d30-686d-4aed-a9d4-96a88197eb21/resourceGroups/LaisPamela/providers/Microsoft.Network/virtualNetworks/VNET_Azure/subnets/SubredePub",
            "network_security_group_id": "/subscriptions/e0203d30-686d-4aed-a9d4-96a88197eb21/resourceGroups/LaisPamela/providers/Microsoft.Network/networkSecurityGroups/lbsg",
            "subnet_id": "/subscriptions/e0203d30-686d-4aed-a9d4-96a88197eb21/resourceGroups/LaisPamela/providers/Microsoft.Network/virtualNetworks/VNET_Azure/subnets/SubredePub",
            "timeouts": null
          },
          "sensitive_attributes": [],
          "private": "eyJlMmJmYjczMC1lY2FhLTExZTYtOGY4OC0zNDM2M2JjN2M0YzAiOnsiY3JlYXRlIjoxODAwMDAwMDAwMDAwLCJkZWxldGUiOjE4MDAwMDAwMDAwMDAsInJlYWQiOjMwMDAwMDAwMDAwMH19",
          "dependencies": [
            "azurerm_network_security_group.lbsg",
            "azurerm_resource_group.Grupo_de_recursos",
            "azurerm_subnet.Subrede_Publica",
            "azurerm_virtual_network.VNET"
          ]
        }
      ]
    },
    {
      "mode": "managed",
      "type": "azurerm_virtual_network",
      "name": "VNET",
      "provider": "provider[\"registry.terraform.io/hashicorp/azurerm\"]",
      "instances": [
        {
          "schema_version": 0,
          "attributes": {
            "address_space": [
              "172.16.0.0/16"
            ],
            "bgp_community": "",
            "ddos_protection_plan": [],
            "dns_servers": [],
            "edge_zone": "",
            "encryption": [],
            "flow_timeout_in_minutes": 0,
            "guid": "4bb9e6cf-72f5-408b-bb95-baf3f7243d28",
            "id": "/subscriptions/e0203d30-686d-4aed-a9d4-96a88197eb21/resourceGroups/LaisPamela/providers/Microsoft.Network/virtualNetworks/VNET_Azure",
            "location": "eastus",
            "name": "VNET_Azure",
            "resource_group_name": "LaisPamela",
            "subnet": [],
            "tags": null,
            "timeouts": null
          },
          "sensitive_attributes": [],
          "private": "eyJlMmJmYjczMC1lY2FhLTExZTYtOGY4OC0zNDM2M2JjN2M0YzAiOnsiY3JlYXRlIjoxODAwMDAwMDAwMDAwLCJkZWxldGUiOjE4MDAwMDAwMDAwMDAsInJlYWQiOjMwMDAwMDAwMDAwMCwidXBkYXRlIjoxODAwMDAwMDAwMDAwfX0=",
          "dependencies": [
            "azurerm_resource_group.Grupo_de_recursos"
          ]
        }
      ]
    },
    {
      "mode": "managed",
      "type": "azurerm_windows_virtual_machine",
      "name": "windows",
      "provider": "provider[\"registry.terraform.io/hashicorp/azurerm\"]",
      "instances": [
        {
          "schema_version": 0,
          "attributes": {
            "additional_capabilities": [],
            "additional_unattend_content": [],
            "admin_password": "laispamela19@",
            "admin_username": "adminuser",
            "allow_extension_operations": true,
            "availability_set_id": "",
            "boot_diagnostics": [],
            "bypass_platform_safety_checks_on_user_schedule_enabled": false,
            "capacity_reservation_group_id": "",
            "computer_name": "windowsvm",
            "custom_data": null,
            "dedicated_host_group_id": "",
            "dedicated_host_id": "",
            "disk_controller_type": "",
            "edge_zone": "",
            "enable_automatic_updates": true,
            "encryption_at_host_enabled": false,
            "eviction_policy": "",
            "extensions_time_budget": "PT1H30M",
            "gallery_application": [],
            "hotpatching_enabled": false,
            "id": "/subscriptions/e0203d30-686d-4aed-a9d4-96a88197eb21/resourceGroups/LaisPamela/providers/Microsoft.Compute/virtualMachines/Windows",
            "identity": [],
            "license_type": "",
            "location": "eastus",
            "max_bid_price": -1,
            "name": "Windows",
            "network_interface_ids": [
              "/subscriptions/e0203d30-686d-4aed-a9d4-96a88197eb21/resourceGroups/LaisPamela/providers/Microsoft.Network/networkInterfaces/Interface_de_rede_Windows"
            ],
            "os_disk": [
              {
                "caching": "ReadWrite",
                "diff_disk_settings": [],
                "disk_encryption_set_id": "",
                "disk_size_gb": 127,
                "name": "Windows_OsDisk_1_548522d6c7c447d48787963531ada2aa",
                "secure_vm_disk_encryption_set_id": "",
                "security_encryption_type": "",
                "storage_account_type": "Standard_LRS",
                "write_accelerator_enabled": false
              }
            ],
            "os_image_notification": [],
            "patch_assessment_mode": "ImageDefault",
            "patch_mode": "AutomaticByOS",
            "plan": [],
            "platform_fault_domain": -1,
            "priority": "Regular",
            "private_ip_address": "172.16.1.4",
            "private_ip_addresses": [
              "172.16.1.4"
            ],
            "provision_vm_agent": true,
            "proximity_placement_group_id": "",
            "public_ip_address": "172.206.208.59",
            "public_ip_addresses": [
              "172.206.208.59"
            ],
            "reboot_setting": "",
            "resource_group_name": "LaisPamela",
            "secret": [],
            "secure_boot_enabled": false,
            "size": "Standard_DS1_v2",
            "source_image_id": "",
            "source_image_reference": [
              {
                "offer": "WindowsServer",
                "publisher": "MicrosoftWindowsServer",
                "sku": "2016-Datacenter",
                "version": "latest"
              }
            ],
            "tags": null,
            "termination_notification": null,
            "timeouts": null,
            "timezone": "",
            "user_data": "",
            "virtual_machine_id": "ac14f10d-37ab-4270-b010-549a161ec7fa",
            "virtual_machine_scale_set_id": "",
            "vm_agent_platform_updates_enabled": false,
            "vtpm_enabled": false,
            "winrm_listener": [],
            "zone": ""
          },
          "sensitive_attributes": [],
          "private": "eyJlMmJmYjczMC1lY2FhLTExZTYtOGY4OC0zNDM2M2JjN2M0YzAiOnsiY3JlYXRlIjoyNzAwMDAwMDAwMDAwLCJkZWxldGUiOjI3MDAwMDAwMDAwMDAsInJlYWQiOjMwMDAwMDAwMDAwMCwidXBkYXRlIjoyNzAwMDAwMDAwMDAwfX0=",
          "dependencies": [
            "azurerm_network_interface.Interface_de_rede_Windows",
            "azurerm_public_ip.public_ip_windows",
            "azurerm_resource_group.Grupo_de_recursos",
            "azurerm_subnet.Subrede_Publica",
            "azurerm_virtual_network.VNET"
          ]
        }
      ]
    }
  ],
  "check_results": null
}
